{
  "originHash" : "d77c6621ccd4cb5e236940018083fcceb95375433f11fa1e5416a1e19350d49d",
  "pins" : [
    {
      "identity" : "kingfisher",
      "kind" : "remoteSourceControl",
      "location" : "https://github.com/onevcat/Kingfisher",
      "state" : {
        "revision" : "c92b84898e34ab46ff0dad86c02a0acbe2d87008",
        "version" : "8.8.0"
      }
    },
    {
      "identity" : "screchkit",
      "kind" : "remoteSourceControl",
      "location" : "https://github.com/TopScrech/ScrechKit",
      "state" : {
        "revision" : "a9ec3560ca613c10fa6f7aae2ab73a1c1a1ac3bb",
        "version" : "1.0.3"
      }
    }
  ],
  "version" : 3
}
