{
  "originHash" : "d77c6621ccd4cb5e236940018083fcceb95375433f11fa1e5416a1e19350d49d",
  "pins" : [
    {
      "identity" : "kingfisher",
      "kind" : "remoteSourceControl",
      "location" : "https://github.com/onevcat/Kingfisher",
      "state" : {
        "revision" : "be0d257b9bd47a4e6e1265fc8c237411825f107a",
        "version" : "8.12.0"
      }
    },
    {
      "identity" : "screchkit",
      "kind" : "remoteSourceControl",
      "location" : "https://github.com/TopScrech/ScrechKit",
      "state" : {
        "revision" : "40f089e897c48986d101a5630c1597241b40c6c5",
        "version" : "1.0.9"
      }
    }
  ],
  "version" : 3
}
