// !$*UTF8*$!
{
	archiveVersion = 1;
	classes = {
	};
	objectVersion = 56;
	objects = {

/* Begin PBXBuildFile section */
		F3B5407C2BC354CE005514FF /* ScrechKit in Frameworks */ = {isa = PBXBuildFile; productRef = F3B5407B2BC354CE005514FF /* ScrechKit */; };
		F3B5407F2BC355AE005514FF /* Home View.swift in Sources */ = {isa = PBXBuildFile; fileRef = F3B5407E2BC355AE005514FF /* Home View.swift */; };
		F3B540812BC35A12005514FF /* Starred Apps.swift in Sources */ = {isa = PBXBuildFile; fileRef = F3B540802BC35A12005514FF /* Starred Apps.swift */; };
		F3E5931A2BB79EC300CE4FE4 /* Bundle ID App.swift in Sources */ = {isa = PBXBuildFile; fileRef = F3E593192BB79EC300CE4FE4 /* Bundle ID App.swift */; };
		F3E593202BB79EC300CE4FE4 /* Assets.xcassets in Resources */ = {isa = PBXBuildFile; fileRef = F3E5931F2BB79EC300CE4FE4 /* Assets.xcassets */; };
		F3E5932B2BB79F5000CE4FE4 /* Nav Container.swift in Sources */ = {isa = PBXBuildFile; fileRef = F3E5932A2BB79F5000CE4FE4 /* Nav Container.swift */; };
		F3E5932D2BB79F7000CE4FE4 /* App List.swift in Sources */ = {isa = PBXBuildFile; fileRef = F3E5932C2BB79F7000CE4FE4 /* App List.swift */; };
		F3E5932F2BB79FBA00CE4FE4 /* VM.swift in Sources */ = {isa = PBXBuildFile; fileRef = F3E5932E2BB79FBA00CE4FE4 /* VM.swift */; };
		F3E593312BB7A0B400CE4FE4 /* Country.swift in Sources */ = {isa = PBXBuildFile; fileRef = F3E593302BB7A0B400CE4FE4 /* Country.swift */; };
		F3E593332BB7A46600CE4FE4 /* Model.swift in Sources */ = {isa = PBXBuildFile; fileRef = F3E593322BB7A46600CE4FE4 /* Model.swift */; };
		F3E593382BB8045F00CE4FE4 /* App Card.swift in Sources */ = {isa = PBXBuildFile; fileRef = F3E593372BB8045F00CE4FE4 /* App Card.swift */; };
/* End PBXBuildFile section */

/* Begin PBXFileReference section */
		F3B5407E2BC355AE005514FF /* Home View.swift */ = {isa = PBXFileReference; lastKnownFileType = sourcecode.swift; path = "Home View.swift"; sourceTree = "<group>"; };
		F3B540802BC35A12005514FF /* Starred Apps.swift */ = {isa = PBXFileReference; lastKnownFileType = sourcecode.swift; path = "Starred Apps.swift"; sourceTree = "<group>"; };
		F3CC4C882BC5B5DF0099539C /* Bundle-ID-Info.plist */ = {isa = PBXFileReference; lastKnownFileType = text.plist; path = "Bundle-ID-Info.plist"; sourceTree = SOURCE_ROOT; };
		F3E593162BB79EC300CE4FE4 /* Bundle ID.app */ = {isa = PBXFileReference; explicitFileType = wrapper.application; includeInIndex = 0; path = "Bundle ID.app"; sourceTree = BUILT_PRODUCTS_DIR; };
		F3E593192BB79EC300CE4FE4 /* Bundle ID App.swift */ = {isa = PBXFileReference; lastKnownFileType = sourcecode.swift; path = "Bundle ID App.swift"; sourceTree = "<group>"; };
		F3E5931F2BB79EC300CE4FE4 /* Assets.xcassets */ = {isa = PBXFileReference; lastKnownFileType = folder.assetcatalog; path = Assets.xcassets; sourceTree = "<group>"; };
		F3E593212BB79EC300CE4FE4 /* Bundle_ID.entitlements */ = {isa = PBXFileReference; lastKnownFileType = text.plist.entitlements; path = Bundle_ID.entitlements; sourceTree = "<group>"; };
		F3E5932A2BB79F5000CE4FE4 /* Nav Container.swift */ = {isa = PBXFileReference; lastKnownFileType = sourcecode.swift; path = "Nav Container.swift"; sourceTree = "<group>"; };
		F3E5932C2BB79F7000CE4FE4 /* App List.swift */ = {isa = PBXFileReference; lastKnownFileType = sourcecode.swift; path = "App List.swift"; sourceTree = "<group>"; };
		F3E5932E2BB79FBA00CE4FE4 /* VM.swift */ = {isa = PBXFileReference; lastKnownFileType = sourcecode.swift; path = VM.swift; sourceTree = "<group>"; };
		F3E593302BB7A0B400CE4FE4 /* Country.swift */ = {isa = PBXFileReference; lastKnownFileType = sourcecode.swift; path = Country.swift; sourceTree = "<group>"; };
		F3E593322BB7A46600CE4FE4 /* Model.swift */ = {isa = PBXFileReference; lastKnownFileType = sourcecode.swift; path = Model.swift; sourceTree = "<group>"; };
		F3E593372BB8045F00CE4FE4 /* App Card.swift */ = {isa = PBXFileReference; lastKnownFileType = sourcecode.swift; path = "App Card.swift"; sourceTree = "<group>"; };
/* End PBXFileReference section */

/* Begin PBXFrameworksBuildPhase section */
		F3E593132BB79EC300CE4FE4 /* Frameworks */ = {
			isa = PBXFrameworksBuildPhase;
			buildActionMask = 2147483647;
			files = (
				F3B5407C2BC354CE005514FF /* ScrechKit in Frameworks */,
			);
			runOnlyForDeploymentPostprocessing = 0;
		};
/* End PBXFrameworksBuildPhase section */

/* Begin PBXGroup section */
		F3B5407D2BC35540005514FF /* Nav */ = {
			isa = PBXGroup;
			children = (
				F3E5932A2BB79F5000CE4FE4 /* Nav Container.swift */,
			);
			path = Nav;
			sourceTree = "<group>";
		};
		F3E5930D2BB79EC300CE4FE4 = {
			isa = PBXGroup;
			children = (
				F3E593182BB79EC300CE4FE4 /* Bundle ID */,
				F3E593172BB79EC300CE4FE4 /* Products */,
			);
			sourceTree = "<group>";
		};
		F3E593172BB79EC300CE4FE4 /* Products */ = {
			isa = PBXGroup;
			children = (
				F3E593162BB79EC300CE4FE4 /* Bundle ID.app */,
			);
			name = Products;
			sourceTree = "<group>";
		};
		F3E593182BB79EC300CE4FE4 /* Bundle ID */ = {
			isa = PBXGroup;
			children = (
				F3CC4C882BC5B5DF0099539C /* Bundle-ID-Info.plist */,
				F3E593192BB79EC300CE4FE4 /* Bundle ID App.swift */,
				F3B5407D2BC35540005514FF /* Nav */,
				F3B5407E2BC355AE005514FF /* Home View.swift */,
				F3B540802BC35A12005514FF /* Starred Apps.swift */,
				F3E5932C2BB79F7000CE4FE4 /* App List.swift */,
				F3E5932E2BB79FBA00CE4FE4 /* VM.swift */,
				F3E593372BB8045F00CE4FE4 /* App Card.swift */,
				F3E593322BB7A46600CE4FE4 /* Model.swift */,
				F3E593302BB7A0B400CE4FE4 /* Country.swift */,
				F3E5931F2BB79EC300CE4FE4 /* Assets.xcassets */,
				F3E593212BB79EC300CE4FE4 /* Bundle_ID.entitlements */,
			);
			path = "Bundle ID";
			sourceTree = "<group>";
		};
/* End PBXGroup section */

/* Begin PBXNativeTarget section */
		F3E593152BB79EC300CE4FE4 /* Bundle ID */ = {
			isa = PBXNativeTarget;
			buildConfigurationList = F3E593272BB79EC300CE4FE4 /* Build configuration list for PBXNativeTarget "Bundle ID" */;
			buildPhases = (
				F3E593122BB79EC300CE4FE4 /* Sources */,
				F3E593132BB79EC300CE4FE4 /* Frameworks */,
				F3E593142BB79EC300CE4FE4 /* Resources */,
			);
			buildRules = (
			);
			dependencies = (
			);
			name = "Bundle ID";
			packageProductDependencies = (
				F3B5407B2BC354CE005514FF /* ScrechKit */,
			);
			productName = "Bundle ID";
			productReference = F3E593162BB79EC300CE4FE4 /* Bundle ID.app */;
			productType = "com.apple.product-type.application";
		};
/* End PBXNativeTarget section */

/* Begin PBXProject section */
		F3E5930E2BB79EC300CE4FE4 /* Project object */ = {
			isa = PBXProject;
			attributes = {
				BuildIndependentTargetsInParallel = 1;
				LastSwiftUpdateCheck = 1530;
				LastUpgradeCheck = 1530;
				TargetAttributes = {
					F3E593152BB79EC300CE4FE4 = {
						CreatedOnToolsVersion = 15.3;
					};
				};
			};
			buildConfigurationList = F3E593112BB79EC300CE4FE4 /* Build configuration list for PBXProject "Bundle ID" */;
			compatibilityVersion = "Xcode 14.0";
			developmentRegion = en;
			hasScannedForEncodings = 0;
			knownRegions = (
				en,
				Base,
			);
			mainGroup = F3E5930D2BB79EC300CE4FE4;
			packageReferences = (
				F3B5407A2BC354CE005514FF /* XCRemoteSwiftPackageReference "ScrechKit" */,
			);
			productRefGroup = F3E593172BB79EC300CE4FE4 /* Products */;
			projectDirPath = "";
			projectRoot = "";
			targets = (
				F3E593152BB79EC300CE4FE4 /* Bundle ID */,
			);
		};
/* End PBXProject section */

/* Begin PBXResourcesBuildPhase section */
		F3E593142BB79EC300CE4FE4 /* Resources */ = {
			isa = PBXResourcesBuildPhase;
			buildActionMask = 2147483647;
			files = (
				F3E593202BB79EC300CE4FE4 /* Assets.xcassets in Resources */,
			);
			runOnlyForDeploymentPostprocessing = 0;
		};
/* End PBXResourcesBuildPhase section */

/* Begin PBXSourcesBuildPhase section */
		F3E593122BB79EC300CE4FE4 /* Sources */ = {
			isa = PBXSourcesBuildPhase;
			buildActionMask = 2147483647;
			files = (
				F3E593382BB8045F00CE4FE4 /* App Card.swift in Sources */,
				F3E5932F2BB79FBA00CE4FE4 /* VM.swift in Sources */,
				F3E5932B2BB79F5000CE4FE4 /* Nav Container.swift in Sources */,
				F3E593312BB7A0B400CE4FE4 /* Country.swift in Sources */,
				F3E5931A2BB79EC300CE4FE4 /* Bundle ID App.swift in Sources */,
				F3B5407F2BC355AE005514FF /* Home View.swift in Sources */,
				F3E5932D2BB79F7000CE4FE4 /* App List.swift in Sources */,
				F3B540812BC35A12005514FF /* Starred Apps.swift in Sources */,
				F3E593332BB7A46600CE4FE4 /* Model.swift in Sources */,
			);
			runOnlyForDeploymentPostprocessing = 0;
		};
/* End PBXSourcesBuildPhase section */

/* Begin XCBuildConfiguration section */
		F3E593252BB79EC300CE4FE4 /* Debug */ = {
			isa = XCBuildConfiguration;
			buildSettings = {
				ALWAYS_SEARCH_USER_PATHS = NO;
				ASSETCATALOG_COMPILER_GENERATE_SWIFT_ASSET_SYMBOL_EXTENSIONS = YES;
				CLANG_ANALYZER_NONNULL = YES;
				CLANG_ANALYZER_NUMBER_OBJECT_CONVERSION = YES_AGGRESSIVE;
				CLANG_CXX_LANGUAGE_STANDARD = "gnu++20";
				CLANG_ENABLE_MODULES = YES;
				CLANG_ENABLE_OBJC_ARC = YES;
				CLANG_ENABLE_OBJC_WEAK = YES;
				CLANG_WARN_BLOCK_CAPTURE_AUTORELEASING = YES;
				CLANG_WARN_BOOL_CONVERSION = YES;
				CLANG_WARN_COMMA = YES;
				CLANG_WARN_CONSTANT_CONVERSION = YES;
				CLANG_WARN_DEPRECATED_OBJC_IMPLEMENTATIONS = YES;
				CLANG_WARN_DIRECT_OBJC_ISA_USAGE = YES_ERROR;
				CLANG_WARN_DOCUMENTATION_COMMENTS = YES;
				CLANG_WARN_EMPTY_BODY = YES;
				CLANG_WARN_ENUM_CONVERSION = YES;
				CLANG_WARN_INFINITE_RECURSION = YES;
				CLANG_WARN_INT_CONVERSION = YES;
				CLANG_WARN_NON_LITERAL_NULL_CONVERSION = YES;
				CLANG_WARN_OBJC_IMPLICIT_RETAIN_SELF = YES;
				CLANG_WARN_OBJC_LITERAL_CONVERSION = YES;
				CLANG_WARN_OBJC_ROOT_CLASS = YES_ERROR;
				CLANG_WARN_QUOTED_INCLUDE_IN_FRAMEWORK_HEADER = YES;
				CLANG_WARN_RANGE_LOOP_ANALYSIS = YES;
				CLANG_WARN_STRICT_PROTOTYPES = YES;
				CLANG_WARN_SUSPICIOUS_MOVE = YES;
				CLANG_WARN_UNGUARDED_AVAILABILITY = YES_AGGRESSIVE;
				CLANG_WARN_UNREACHABLE_CODE = YES;
				CLANG_WARN__DUPLICATE_METHOD_MATCH = YES;
				COPY_PHASE_STRIP = NO;
				DEBUG_INFORMATION_FORMAT = dwarf;
				ENABLE_STRICT_OBJC_MSGSEND = YES;
				ENABLE_TESTABILITY = YES;
				ENABLE_USER_SCRIPT_SANDBOXING = YES;
				GCC_C_LANGUAGE_STANDARD = gnu17;
				GCC_DYNAMIC_NO_PIC = NO;
				GCC_NO_COMMON_BLOCKS = YES;
				GCC_OPTIMIZATION_LEVEL = 0;
				GCC_PREPROCESSOR_DEFINITIONS = (
					"DEBUG=1",
					"$(inherited)",
				);
				GCC_WARN_64_TO_32_BIT_CONVERSION = YES;
				GCC_WARN_ABOUT_RETURN_TYPE = YES_ERROR;
				GCC_WARN_UNDECLARED_SELECTOR = YES;
				GCC_WARN_UNINITIALIZED_AUTOS = YES_AGGRESSIVE;
				GCC_WARN_UNUSED_FUNCTION = YES;
				GCC_WARN_UNUSED_VARIABLE = YES;
				LOCALIZATION_PREFERS_STRING_CATALOGS = YES;
				MTL_ENABLE_DEBUG_INFO = INCLUDE_SOURCE;
				MTL_FAST_MATH = YES;
				ONLY_ACTIVE_ARCH = YES;
				SWIFT_ACTIVE_COMPILATION_CONDITIONS = "DEBUG $(inherited)";
				SWIFT_OPTIMIZATION_LEVEL = "-Onone";
			};
			name = Debug;
		};
		F3E593262BB79EC300CE4FE4 /* Release */ = {
			isa = XCBuildConfiguration;
			buildSettings = {
				ALWAYS_SEARCH_USER_PATHS = NO;
				ASSETCATALOG_COMPILER_GENERATE_SWIFT_ASSET_SYMBOL_EXTENSIONS = YES;
				CLANG_ANALYZER_NONNULL = YES;
				CLANG_ANALYZER_NUMBER_OBJECT_CONVERSION = YES_AGGRESSIVE;
				CLANG_CXX_LANGUAGE_STANDARD = "gnu++20";
				CLANG_ENABLE_MODULES = YES;
				CLANG_ENABLE_OBJC_ARC = YES;
				CLANG_ENABLE_OBJC_WEAK = YES;
				CLANG_WARN_BLOCK_CAPTURE_AUTORELEASING = YES;
				CLANG_WARN_BOOL_CONVERSION = YES;
				CLANG_WARN_COMMA = YES;
				CLANG_WARN_CONSTANT_CONVERSION = YES;
				CLANG_WARN_DEPRECATED_OBJC_IMPLEMENTATIONS = YES;
				CLANG_WARN_DIRECT_OBJC_ISA_USAGE = YES_ERROR;
				CLANG_WARN_DOCUMENTATION_COMMENTS = YES;
				CLANG_WARN_EMPTY_BODY = YES;
				CLANG_WARN_ENUM_CONVERSION = YES;
				CLANG_WARN_INFINITE_RECURSION = YES;
				CLANG_WARN_INT_CONVERSION = YES;
				CLANG_WARN_NON_LITERAL_NULL_CONVERSION = YES;
				CLANG_WARN_OBJC_IMPLICIT_RETAIN_SELF = YES;
				CLANG_WARN_OBJC_LITERAL_CONVERSION = YES;
				CLANG_WARN_OBJC_ROOT_CLASS = YES_ERROR;
				CLANG_WARN_QUOTED_INCLUDE_IN_FRAMEWORK_HEADER = YES;
				CLANG_WARN_RANGE_LOOP_ANALYSIS = YES;
				CLANG_WARN_STRICT_PROTOTYPES = YES;
				CLANG_WARN_SUSPICIOUS_MOVE = YES;
				CLANG_WARN_UNGUARDED_AVAILABILITY = YES_AGGRESSIVE;
				CLANG_WARN_UNREACHABLE_CODE = YES;
				CLANG_WARN__DUPLICATE_METHOD_MATCH = YES;
				COPY_PHASE_STRIP = NO;
				DEBUG_INFORMATION_FORMAT = "dwarf-with-dsym";
				ENABLE_NS_ASSERTIONS = NO;
				ENABLE_STRICT_OBJC_MSGSEND = YES;
				ENABLE_USER_SCRIPT_SANDBOXING = YES;
				GCC_C_LANGUAGE_STANDARD = gnu17;
				GCC_NO_COMMON_BLOCKS = YES;
				GCC_WARN_64_TO_32_BIT_CONVERSION = YES;
				GCC_WARN_ABOUT_RETURN_TYPE = YES_ERROR;
				GCC_WARN_UNDECLARED_SELECTOR = YES;
				GCC_WARN_UNINITIALIZED_AUTOS = YES_AGGRESSIVE;
				GCC_WARN_UNUSED_FUNCTION = YES;
				GCC_WARN_UNUSED_VARIABLE = YES;
				LOCALIZATION_PREFERS_STRING_CATALOGS = YES;
				MTL_ENABLE_DEBUG_INFO = NO;
				MTL_FAST_MATH = YES;
				SWIFT_COMPILATION_MODE = wholemodule;
			};
			name = Release;
		};
		F3E593282BB79EC300CE4FE4 /* Debug */ = {
			isa = XCBuildConfiguration;
			buildSettings = {
				ASSETCATALOG_COMPILER_APPICON_NAME = AppIcon;
				ASSETCATALOG_COMPILER_GLOBAL_ACCENT_COLOR_NAME = AccentColor;
				CODE_SIGN_ENTITLEMENTS = "Bundle ID/Bundle_ID.entitlements";
				CODE_SIGN_STYLE = Automatic;
				CURRENT_PROJECT_VERSION = 1;
				DEVELOPMENT_ASSET_PATHS = "";
				DEVELOPMENT_TEAM = 8FQUA2F388;
				ENABLE_HARDENED_RUNTIME = YES;
				ENABLE_PREVIEWS = YES;
				GENERATE_INFOPLIST_FILE = YES;
				INFOPLIST_FILE = "Bundle-ID-Info.plist";
				"INFOPLIST_KEY_UIApplicationSceneManifest_Generation[sdk=iphoneos*]" = YES;
				"INFOPLIST_KEY_UIApplicationSceneManifest_Generation[sdk=iphonesimulator*]" = YES;
				"INFOPLIST_KEY_UIApplicationSupportsIndirectInputEvents[sdk=iphoneos*]" = YES;
				"INFOPLIST_KEY_UIApplicationSupportsIndirectInputEvents[sdk=iphonesimulator*]" = YES;
				"INFOPLIST_KEY_UILaunchScreen_Generation[sdk=iphoneos*]" = YES;
				"INFOPLIST_KEY_UILaunchScreen_Generation[sdk=iphonesimulator*]" = YES;
				"INFOPLIST_KEY_UIStatusBarStyle[sdk=iphoneos*]" = UIStatusBarStyleDefault;
				"INFOPLIST_KEY_UIStatusBarStyle[sdk=iphonesimulator*]" = UIStatusBarStyleDefault;
				INFOPLIST_KEY_UISupportedInterfaceOrientations_iPad = "UIInterfaceOrientationPortrait UIInterfaceOrientationPortraitUpsideDown UIInterfaceOrientationLandscapeLeft UIInterfaceOrientationLandscapeRight";
				INFOPLIST_KEY_UISupportedInterfaceOrientations_iPhone = "UIInterfaceOrientationPortrait UIInterfaceOrientationLandscapeLeft UIInterfaceOrientationLandscapeRight";
				IPHONEOS_DEPLOYMENT_TARGET = 17.4;
				LD_RUNPATH_SEARCH_PATHS = "@executable_path/Frameworks";
				"LD_RUNPATH_SEARCH_PATHS[sdk=macosx*]" = "@executable_path/../Frameworks";
				MACOSX_DEPLOYMENT_TARGET = 14.0;
				MARKETING_VERSION = 1.0;
				PRODUCT_BUNDLE_IDENTIFIER = "dev.topscrech.Bundle-ID";
				PRODUCT_NAME = "$(TARGET_NAME)";
				SDKROOT = auto;
				SUPPORTED_PLATFORMS = "iphoneos iphonesimulator macosx";
				SWIFT_EMIT_LOC_STRINGS = YES;
				SWIFT_VERSION = 5.0;
				TARGETED_DEVICE_FAMILY = "1,2";
			};
			name = Debug;
		};
		F3E593292BB79EC300CE4FE4 /* Release */ = {
			isa = XCBuildConfiguration;
			buildSettings = {
				ASSETCATALOG_COMPILER_APPICON_NAME = AppIcon;
				ASSETCATALOG_COMPILER_GLOBAL_ACCENT_COLOR_NAME = AccentColor;
				CODE_SIGN_ENTITLEMENTS = "Bundle ID/Bundle_ID.entitlements";
				CODE_SIGN_STYLE = Automatic;
				CURRENT_PROJECT_VERSION = 1;
				DEVELOPMENT_ASSET_PATHS = "";
				DEVELOPMENT_TEAM = 8FQUA2F388;
				ENABLE_HARDENED_RUNTIME = YES;
				ENABLE_PREVIEWS = YES;
				GENERATE_INFOPLIST_FILE = YES;
				INFOPLIST_FILE = "Bundle-ID-Info.plist";
				"INFOPLIST_KEY_UIApplicationSceneManifest_Generation[sdk=iphoneos*]" = YES;
				"INFOPLIST_KEY_UIApplicationSceneManifest_Generation[sdk=iphonesimulator*]" = YES;
				"INFOPLIST_KEY_UIApplicationSupportsIndirectInputEvents[sdk=iphoneos*]" = YES;
				"INFOPLIST_KEY_UIApplicationSupportsIndirectInputEvents[sdk=iphonesimulator*]" = YES;
				"INFOPLIST_KEY_UILaunchScreen_Generation[sdk=iphoneos*]" = YES;
				"INFOPLIST_KEY_UILaunchScreen_Generation[sdk=iphonesimulator*]" = YES;
				"INFOPLIST_KEY_UIStatusBarStyle[sdk=iphoneos*]" = UIStatusBarStyleDefault;
				"INFOPLIST_KEY_UIStatusBarStyle[sdk=iphonesimulator*]" = UIStatusBarStyleDefault;
				INFOPLIST_KEY_UISupportedInterfaceOrientations_iPad = "UIInterfaceOrientationPortrait UIInterfaceOrientationPortraitUpsideDown UIInterfaceOrientationLandscapeLeft UIInterfaceOrientationLandscapeRight";
				INFOPLIST_KEY_UISupportedInterfaceOrientations_iPhone = "UIInterfaceOrientationPortrait UIInterfaceOrientationLandscapeLeft UIInterfaceOrientationLandscapeRight";
				IPHONEOS_DEPLOYMENT_TARGET = 17.4;
				LD_RUNPATH_SEARCH_PATHS = "@executable_path/Frameworks";
				"LD_RUNPATH_SEARCH_PATHS[sdk=macosx*]" = "@executable_path/../Frameworks";
				MACOSX_DEPLOYMENT_TARGET = 14.0;
				MARKETING_VERSION = 1.0;
				PRODUCT_BUNDLE_IDENTIFIER = "dev.topscrech.Bundle-ID";
				PRODUCT_NAME = "$(TARGET_NAME)";
				SDKROOT = auto;
				SUPPORTED_PLATFORMS = "iphoneos iphonesimulator macosx";
				SWIFT_EMIT_LOC_STRINGS = YES;
				SWIFT_VERSION = 5.0;
				TARGETED_DEVICE_FAMILY = "1,2";
			};
			name = Release;
		};
/* End XCBuildConfiguration section */

/* Begin XCConfigurationList section */
		F3E593112BB79EC300CE4FE4 /* Build configuration list for PBXProject "Bundle ID" */ = {
			isa = XCConfigurationList;
			buildConfigurations = (
				F3E593252BB79EC300CE4FE4 /* Debug */,
				F3E593262BB79EC300CE4FE4 /* Release */,
			);
			defaultConfigurationIsVisible = 0;
			defaultConfigurationName = Release;
		};
		F3E593272BB79EC300CE4FE4 /* Build configuration list for PBXNativeTarget "Bundle ID" */ = {
			isa = XCConfigurationList;
			buildConfigurations = (
				F3E593282BB79EC300CE4FE4 /* Debug */,
				F3E593292BB79EC300CE4FE4 /* Release */,
			);
			defaultConfigurationIsVisible = 0;
			defaultConfigurationName = Release;
		};
/* End XCConfigurationList section */

/* Begin XCRemoteSwiftPackageReference section */
		F3B5407A2BC354CE005514FF /* XCRemoteSwiftPackageReference "ScrechKit" */ = {
			isa = XCRemoteSwiftPackageReference;
			repositoryURL = "https://github.com/TopScrech/ScrechKit";
			requirement = {
				branch = main;
				kind = branch;
			};
		};
/* End XCRemoteSwiftPackageReference section */

/* Begin XCSwiftPackageProductDependency section */
		F3B5407B2BC354CE005514FF /* ScrechKit */ = {
			isa = XCSwiftPackageProductDependency;
			package = F3B5407A2BC354CE005514FF /* XCRemoteSwiftPackageReference "ScrechKit" */;
			productName = ScrechKit;
		};
/* End XCSwiftPackageProductDependency section */
	};
	rootObject = F3E5930E2BB79EC300CE4FE4 /* Project object */;
}
