// !$*UTF8*$!
{
	archiveVersion = 1;
	classes = {
	};
	objectVersion = 100;
	objects = {

/* Begin PBXBuildFile section */
		F34345CD2DDF062F0033A7DE /* Kingfisher in Frameworks */ = {isa = PBXBuildFile; productRef = F34345CC2DDF062F0033A7DE /* Kingfisher */; };
		F34345CF2DDF06D40033A7DE /* Kingfisher in Frameworks */ = {isa = PBXBuildFile; productRef = F34345CE2DDF06D40033A7DE /* Kingfisher */; };
		F371A5482C2DB11E006BDF0D /* ScrechKit in Frameworks */ = {isa = PBXBuildFile; productRef = F371A5472C2DB11E006BDF0D /* ScrechKit */; };
		F3B5407C2BC354CE005514FF /* ScrechKit in Frameworks */ = {isa = PBXBuildFile; productRef = F3B5407B2BC354CE005514FF /* ScrechKit */; };
/* End PBXBuildFile section */

/* Begin PBXFileReference section */
		F371A52F2C2DB09B006BDF0D /* macOS.app */ = {isa = PBXFileReference; explicitFileType = wrapper.application; includeInIndex = 0; path = macOS.app; sourceTree = BUILT_PRODUCTS_DIR; };
		F3D859262F451E2C00B2A3F7 /* UNLICENSE.txt */ = {isa = PBXFileReference; lastKnownFileType = text; path = UNLICENSE.txt; sourceTree = "<group>"; };
		F3E593162BB79EC300CE4FE4 /* iOS.app */ = {isa = PBXFileReference; explicitFileType = wrapper.application; includeInIndex = 0; path = iOS.app; sourceTree = BUILT_PRODUCTS_DIR; };
/* End PBXFileReference section */

/* Begin PBXFileSystemSynchronizedBuildFileExceptionSet section */
		F3D8591C2F451E1A00B2A3F7 /* Exceptions for "Bundle ID" folder in "iOS" target */ = {
			isa = PBXFileSystemSynchronizedBuildFileExceptionSet;
			membershipExceptions = (
				iOS.plist,
			);
			target = F3E593152BB79EC300CE4FE4 /* iOS */;
		};
		F3D8591D2F451E1A00B2A3F7 /* Exceptions for "Bundle ID" folder in "macOS" target */ = {
			isa = PBXFileSystemSynchronizedBuildFileExceptionSet;
			membershipExceptions = (
				"App List.swift",
				Assets.xcassets,
				iOS.plist,
				Localizable.xcstrings,
				"Nav/Nav Container.swift",
			);
			target = F371A52E2C2DB09B006BDF0D /* macOS */;
		};
		F3D859252F451E1D00B2A3F7 /* Exceptions for "Bundle ID Mac" folder in "macOS" target */ = {
			isa = PBXFileSystemSynchronizedBuildFileExceptionSet;
			membershipExceptions = (
				"App List.swift",
				Assets.xcassets,
			);
			target = F371A52E2C2DB09B006BDF0D /* macOS */;
		};
/* End PBXFileSystemSynchronizedBuildFileExceptionSet section */

/* Begin PBXFileSystemSynchronizedRootGroup section */
		F3D859032F451E1A00B2A3F7 /* Bundle ID */ = {
			isa = PBXFileSystemSynchronizedRootGroup;
			exceptions = (
				F3D8591C2F451E1A00B2A3F7 /* Exceptions for "Bundle ID" folder in "iOS" target */,
				F3D8591D2F451E1A00B2A3F7 /* Exceptions for "Bundle ID" folder in "macOS" target */,
			);
			path = "Bundle ID";
			sourceTree = "<group>";
		};
		F3D859222F451E1D00B2A3F7 /* Bundle ID Mac */ = {
			isa = PBXFileSystemSynchronizedRootGroup;
			exceptions = (
				F3D859252F451E1D00B2A3F7 /* Exceptions for "Bundle ID Mac" folder in "macOS" target */,
			);
			path = "Bundle ID Mac";
			sourceTree = "<group>";
		};
/* End PBXFileSystemSynchronizedRootGroup section */

/* Begin PBXFrameworksBuildPhase section */
		F371A52C2C2DB09B006BDF0D /* Frameworks */ = {
			isa = PBXFrameworksBuildPhase;
			files = (
				F34345CF2DDF06D40033A7DE /* Kingfisher in Frameworks */,
				F371A5482C2DB11E006BDF0D /* ScrechKit in Frameworks */,
			);
		};
		F3E593132BB79EC300CE4FE4 /* Frameworks */ = {
			isa = PBXFrameworksBuildPhase;
			files = (
				F34345CD2DDF062F0033A7DE /* Kingfisher in Frameworks */,
				F3B5407C2BC354CE005514FF /* ScrechKit in Frameworks */,
			);
		};
/* End PBXFrameworksBuildPhase section */

/* Begin PBXGroup section */
		F371A5462C2DB11E006BDF0D /* Frameworks */ = {
			isa = PBXGroup;
			children = (
			);
			name = Frameworks;
			sourceTree = "<group>";
		};
		F3E5930D2BB79EC300CE4FE4 = {
			isa = PBXGroup;
			children = (
				F3D859262F451E2C00B2A3F7 /* UNLICENSE.txt */,
				F3D859032F451E1A00B2A3F7 /* Bundle ID */,
				F3D859222F451E1D00B2A3F7 /* Bundle ID Mac */,
				F3E593172BB79EC300CE4FE4 /* Products */,
				F371A5462C2DB11E006BDF0D /* Frameworks */,
			);
			sourceTree = "<group>";
		};
		F3E593172BB79EC300CE4FE4 /* Products */ = {
			isa = PBXGroup;
			children = (
				F3E593162BB79EC300CE4FE4 /* iOS.app */,
				F371A52F2C2DB09B006BDF0D /* macOS.app */,
			);
			name = Products;
			sourceTree = "<group>";
		};
/* End PBXGroup section */

/* Begin PBXNativeTarget section */
		F371A52E2C2DB09B006BDF0D /* macOS */ = {
			isa = PBXNativeTarget;
			buildConfigurationList = F371A53B2C2DB09C006BDF0D /* Build configuration list for PBXNativeTarget "macOS" */;
			buildPhases = (
				F371A52B2C2DB09B006BDF0D /* Sources */,
				F371A52C2C2DB09B006BDF0D /* Frameworks */,
				F371A52D2C2DB09B006BDF0D /* Resources */,
			);
			buildRules = (
			);
			fileSystemSynchronizedGroups = (
				F3D859032F451E1A00B2A3F7 /* Bundle ID */,
			);
			name = macOS;
			packageProductDependencies = (
				F371A5472C2DB11E006BDF0D /* ScrechKit */,
				F34345CE2DDF06D40033A7DE /* Kingfisher */,
			);
			productName = "Bundle ID Mac";
			productReference = F371A52F2C2DB09B006BDF0D /* macOS.app */;
			productType = "com.apple.product-type.application";
		};
		F3E593152BB79EC300CE4FE4 /* iOS */ = {
			isa = PBXNativeTarget;
			buildConfigurationList = F3E593272BB79EC300CE4FE4 /* Build configuration list for PBXNativeTarget "iOS" */;
			buildPhases = (
				F3E593122BB79EC300CE4FE4 /* Sources */,
				F3E593132BB79EC300CE4FE4 /* Frameworks */,
				F3E593142BB79EC300CE4FE4 /* Resources */,
			);
			buildRules = (
			);
			fileSystemSynchronizedGroups = (
				F3D859032F451E1A00B2A3F7 /* Bundle ID */,
			);
			name = iOS;
			packageProductDependencies = (
				F3B5407B2BC354CE005514FF /* ScrechKit */,
				F34345CC2DDF062F0033A7DE /* Kingfisher */,
			);
			productName = "Bundle ID";
			productReference = F3E593162BB79EC300CE4FE4 /* iOS.app */;
			productType = "com.apple.product-type.application";
		};
/* End PBXNativeTarget section */

/* Begin PBXProject section */
		F3E5930E2BB79EC300CE4FE4 /* Project object */ = {
			isa = PBXProject;
			attributes = {
				BuildIndependentTargetsInParallel = 1;
				LastSwiftUpdateCheck = 1600;
				LastUpgradeCheck = 2600;
				TargetAttributes = {
					F371A52E2C2DB09B006BDF0D = {
						CreatedOnToolsVersion = 16.0;
					};
					F3E593152BB79EC300CE4FE4 = {
						CreatedOnToolsVersion = 15.3;
					};
				};
			};
			buildConfigurationList = F3E593112BB79EC300CE4FE4 /* Build configuration list for PBXProject "Bundle ID" */;
			developmentRegion = en;
			hasScannedForEncodings = 0;
			knownRegions = (
				en,
				Base,
				ru,
				nl,
			);
			mainGroup = F3E5930D2BB79EC300CE4FE4;
			packageReferences = (
				F3B5407A2BC354CE005514FF /* XCRemoteSwiftPackageReference "ScrechKit" */,
				F34345CB2DDF062F0033A7DE /* XCRemoteSwiftPackageReference "Kingfisher" */,
			);
			preferredProjectObjectVersion = 100;
			productRefGroup = F3E593172BB79EC300CE4FE4 /* Products */;
			projectDirPath = "";
			projectRoot = "";
			targets = (
				F3E593152BB79EC300CE4FE4 /* iOS */,
				F371A52E2C2DB09B006BDF0D /* macOS */,
			);
		};
/* End PBXProject section */

/* Begin PBXResourcesBuildPhase section */
		F371A52D2C2DB09B006BDF0D /* Resources */ = {
			isa = PBXResourcesBuildPhase;
			files = (
			);
		};
		F3E593142BB79EC300CE4FE4 /* Resources */ = {
			isa = PBXResourcesBuildPhase;
			files = (
			);
		};
/* End PBXResourcesBuildPhase section */

/* Begin PBXSourcesBuildPhase section */
		F371A52B2C2DB09B006BDF0D /* Sources */ = {
			isa = PBXSourcesBuildPhase;
			files = (
			);
		};
		F3E593122BB79EC300CE4FE4 /* Sources */ = {
			isa = PBXSourcesBuildPhase;
			files = (
			);
		};
/* End PBXSourcesBuildPhase section */

/* Begin XCBuildConfiguration section */
		F371A53C2C2DB09C006BDF0D /* Debug configuration for PBXNativeTarget "macOS" */ = {
			isa = XCBuildConfiguration;
			buildSettings = {
				ASSETCATALOG_COMPILER_APPICON_NAME = AppIcon;
				ASSETCATALOG_COMPILER_GLOBAL_ACCENT_COLOR_NAME = AccentColor;
				CODE_SIGN_ENTITLEMENTS = "Bundle ID Mac/macOS.entitlements";
				CODE_SIGN_STYLE = Automatic;
				COMBINE_HIDPI_IMAGES = YES;
				CURRENT_PROJECT_VERSION = 0;
				DEVELOPMENT_ASSET_PATHS = "";
				ENABLE_APP_SANDBOX = YES;
				ENABLE_FILE_ACCESS_DOWNLOADS_FOLDER = readwrite;
				ENABLE_HARDENED_RUNTIME = YES;
				ENABLE_OUTGOING_NETWORK_CONNECTIONS = YES;
				ENABLE_PREVIEWS = YES;
				GENERATE_INFOPLIST_FILE = YES;
				INFOPLIST_FILE = "Bundle ID Mac/macOS.plist";
				INFOPLIST_KEY_CFBundleDisplayName = "Bundle ID";
				INFOPLIST_KEY_LSApplicationCategoryType = "public.app-category.utilities";
				INFOPLIST_KEY_NSHumanReadableCopyright = "";
				LD_RUNPATH_SEARCH_PATHS = (
					"$(inherited)",
					"@executable_path/../Frameworks",
				);
				MACOSX_DEPLOYMENT_TARGET = 14.0;
				PRODUCT_BUNDLE_IDENTIFIER = "dev.topscrech.Bundle-ID";
				PRODUCT_NAME = "$(TARGET_NAME)";
				SDKROOT = macosx;
				SWIFT_EMIT_LOC_STRINGS = YES;
				SWIFT_VERSION = 5.0;
			};
			name = Debug;
		};
		F371A53D2C2DB09C006BDF0D /* Release configuration for PBXNativeTarget "macOS" */ = {
			isa = XCBuildConfiguration;
			buildSettings = {
				ASSETCATALOG_COMPILER_APPICON_NAME = AppIcon;
				ASSETCATALOG_COMPILER_GLOBAL_ACCENT_COLOR_NAME = AccentColor;
				CODE_SIGN_ENTITLEMENTS = "Bundle ID Mac/macOS.entitlements";
				CODE_SIGN_STYLE = Automatic;
				COMBINE_HIDPI_IMAGES = YES;
				CURRENT_PROJECT_VERSION = 0;
				DEVELOPMENT_ASSET_PATHS = "";
				ENABLE_APP_SANDBOX = YES;
				ENABLE_FILE_ACCESS_DOWNLOADS_FOLDER = readwrite;
				ENABLE_HARDENED_RUNTIME = YES;
				ENABLE_OUTGOING_NETWORK_CONNECTIONS = YES;
				ENABLE_PREVIEWS = YES;
				GENERATE_INFOPLIST_FILE = YES;
				INFOPLIST_FILE = "Bundle ID Mac/macOS.plist";
				INFOPLIST_KEY_CFBundleDisplayName = "Bundle ID";
				INFOPLIST_KEY_LSApplicationCategoryType = "public.app-category.utilities";
				INFOPLIST_KEY_NSHumanReadableCopyright = "";
				LD_RUNPATH_SEARCH_PATHS = (
					"$(inherited)",
					"@executable_path/../Frameworks",
				);
				MACOSX_DEPLOYMENT_TARGET = 14.0;
				PRODUCT_BUNDLE_IDENTIFIER = "dev.topscrech.Bundle-ID";
				PRODUCT_NAME = "$(TARGET_NAME)";
				SDKROOT = macosx;
				SWIFT_EMIT_LOC_STRINGS = YES;
				SWIFT_VERSION = 5.0;
			};
			name = Release;
		};
		F3E593252BB79EC300CE4FE4 /* Debug configuration for PBXProject "Bundle ID" */ = {
			isa = XCBuildConfiguration;
			buildSettings = {
				ALWAYS_SEARCH_USER_PATHS = NO;
				ASSETCATALOG_COMPILER_GENERATE_SWIFT_ASSET_SYMBOL_EXTENSIONS = YES;
				CLANG_ANALYZER_LOCALIZABILITY_NONLOCALIZED = YES;
				CLANG_ANALYZER_NONNULL = YES;
				CLANG_ANALYZER_NUMBER_OBJECT_CONVERSION = YES_AGGRESSIVE;
				CLANG_CXX_LANGUAGE_STANDARD = "gnu++20";
				CLANG_ENABLE_MODULES = YES;
				CLANG_ENABLE_OBJC_ARC = YES;
				CLANG_ENABLE_OBJC_WEAK = YES;
				CLANG_WARN_BLOCK_CAPTURE_AUTORELEASING = YES;
				CLANG_WARN_BOOL_CONVERSION = YES;
				CLANG_WARN_COMMA = YES;
				CLANG_WARN_CONSTANT_CONVERSION = YES;
				CLANG_WARN_DEPRECATED_OBJC_IMPLEMENTATIONS = YES;
				CLANG_WARN_DIRECT_OBJC_ISA_USAGE = YES_ERROR;
				CLANG_WARN_DOCUMENTATION_COMMENTS = YES;
				CLANG_WARN_EMPTY_BODY = YES;
				CLANG_WARN_ENUM_CONVERSION = YES;
				CLANG_WARN_INFINITE_RECURSION = YES;
				CLANG_WARN_INT_CONVERSION = YES;
				CLANG_WARN_NON_LITERAL_NULL_CONVERSION = YES;
				CLANG_WARN_OBJC_IMPLICIT_RETAIN_SELF = YES;
				CLANG_WARN_OBJC_LITERAL_CONVERSION = YES;
				CLANG_WARN_OBJC_ROOT_CLASS = YES_ERROR;
				CLANG_WARN_QUOTED_INCLUDE_IN_FRAMEWORK_HEADER = YES;
				CLANG_WARN_RANGE_LOOP_ANALYSIS = YES;
				CLANG_WARN_STRICT_PROTOTYPES = YES;
				CLANG_WARN_SUSPICIOUS_MOVE = YES;
				CLANG_WARN_UNGUARDED_AVAILABILITY = YES_AGGRESSIVE;
				CLANG_WARN_UNREACHABLE_CODE = YES;
				CLANG_WARN__DUPLICATE_METHOD_MATCH = YES;
				COPY_PHASE_STRIP = NO;
				DEAD_CODE_STRIPPING = YES;
				DEBUG_INFORMATION_FORMAT = dwarf;
				DEVELOPMENT_TEAM = 8FQUA2F388;
				ENABLE_STRICT_OBJC_MSGSEND = YES;
				ENABLE_TESTABILITY = YES;
				ENABLE_USER_SCRIPT_SANDBOXING = YES;
				GCC_C_LANGUAGE_STANDARD = gnu17;
				GCC_DYNAMIC_NO_PIC = NO;
				GCC_NO_COMMON_BLOCKS = YES;
				GCC_OPTIMIZATION_LEVEL = 0;
				GCC_PREPROCESSOR_DEFINITIONS = (
					"DEBUG=1",
					"$(inherited)",
				);
				GCC_WARN_64_TO_32_BIT_CONVERSION = YES;
				GCC_WARN_ABOUT_RETURN_TYPE = YES_ERROR;
				GCC_WARN_UNDECLARED_SELECTOR = YES;
				GCC_WARN_UNINITIALIZED_AUTOS = YES_AGGRESSIVE;
				GCC_WARN_UNUSED_FUNCTION = YES;
				GCC_WARN_UNUSED_VARIABLE = YES;
				IPHONEOS_DEPLOYMENT_TARGET = 17.0;
				LOCALIZATION_PREFERS_STRING_CATALOGS = YES;
				MACOSX_DEPLOYMENT_TARGET = 14.0;
				MARKETING_VERSION = 1.0.1;
				MTL_ENABLE_DEBUG_INFO = INCLUDE_SOURCE;
				MTL_FAST_MATH = YES;
				ONLY_ACTIVE_ARCH = YES;
				STRING_CATALOG_GENERATE_SYMBOLS = YES;
				SWIFT_ACTIVE_COMPILATION_CONDITIONS = "DEBUG $(inherited)";
				SWIFT_OPTIMIZATION_LEVEL = "-Onone";
			};
			name = Debug;
		};
		F3E593262BB79EC300CE4FE4 /* Release configuration for PBXProject "Bundle ID" */ = {
			isa = XCBuildConfiguration;
			buildSettings = {
				ALWAYS_SEARCH_USER_PATHS = NO;
				ASSETCATALOG_COMPILER_GENERATE_SWIFT_ASSET_SYMBOL_EXTENSIONS = YES;
				CLANG_ANALYZER_LOCALIZABILITY_NONLOCALIZED = YES;
				CLANG_ANALYZER_NONNULL = YES;
				CLANG_ANALYZER_NUMBER_OBJECT_CONVERSION = YES_AGGRESSIVE;
				CLANG_CXX_LANGUAGE_STANDARD = "gnu++20";
				CLANG_ENABLE_MODULES = YES;
				CLANG_ENABLE_OBJC_ARC = YES;
				CLANG_ENABLE_OBJC_WEAK = YES;
				CLANG_WARN_BLOCK_CAPTURE_AUTORELEASING = YES;
				CLANG_WARN_BOOL_CONVERSION = YES;
				CLANG_WARN_COMMA = YES;
				CLANG_WARN_CONSTANT_CONVERSION = YES;
				CLANG_WARN_DEPRECATED_OBJC_IMPLEMENTATIONS = YES;
				CLANG_WARN_DIRECT_OBJC_ISA_USAGE = YES_ERROR;
				CLANG_WARN_DOCUMENTATION_COMMENTS = YES;
				CLANG_WARN_EMPTY_BODY = YES;
				CLANG_WARN_ENUM_CONVERSION = YES;
				CLANG_WARN_INFINITE_RECURSION = YES;
				CLANG_WARN_INT_CONVERSION = YES;
				CLANG_WARN_NON_LITERAL_NULL_CONVERSION = YES;
				CLANG_WARN_OBJC_IMPLICIT_RETAIN_SELF = YES;
				CLANG_WARN_OBJC_LITERAL_CONVERSION = YES;
				CLANG_WARN_OBJC_ROOT_CLASS = YES_ERROR;
				CLANG_WARN_QUOTED_INCLUDE_IN_FRAMEWORK_HEADER = YES;
				CLANG_WARN_RANGE_LOOP_ANALYSIS = YES;
				CLANG_WARN_STRICT_PROTOTYPES = YES;
				CLANG_WARN_SUSPICIOUS_MOVE = YES;
				CLANG_WARN_UNGUARDED_AVAILABILITY = YES_AGGRESSIVE;
				CLANG_WARN_UNREACHABLE_CODE = YES;
				CLANG_WARN__DUPLICATE_METHOD_MATCH = YES;
				COPY_PHASE_STRIP = NO;
				DEAD_CODE_STRIPPING = YES;
				DEBUG_INFORMATION_FORMAT = "dwarf-with-dsym";
				DEVELOPMENT_TEAM = 8FQUA2F388;
				ENABLE_NS_ASSERTIONS = NO;
				ENABLE_STRICT_OBJC_MSGSEND = YES;
				ENABLE_USER_SCRIPT_SANDBOXING = YES;
				GCC_C_LANGUAGE_STANDARD = gnu17;
				GCC_NO_COMMON_BLOCKS = YES;
				GCC_WARN_64_TO_32_BIT_CONVERSION = YES;
				GCC_WARN_ABOUT_RETURN_TYPE = YES_ERROR;
				GCC_WARN_UNDECLARED_SELECTOR = YES;
				GCC_WARN_UNINITIALIZED_AUTOS = YES_AGGRESSIVE;
				GCC_WARN_UNUSED_FUNCTION = YES;
				GCC_WARN_UNUSED_VARIABLE = YES;
				IPHONEOS_DEPLOYMENT_TARGET = 17.0;
				LOCALIZATION_PREFERS_STRING_CATALOGS = YES;
				MACOSX_DEPLOYMENT_TARGET = 14.0;
				MARKETING_VERSION = 1.0.1;
				MTL_ENABLE_DEBUG_INFO = NO;
				MTL_FAST_MATH = YES;
				STRING_CATALOG_GENERATE_SYMBOLS = YES;
				SWIFT_COMPILATION_MODE = wholemodule;
			};
			name = Release;
		};
		F3E593282BB79EC300CE4FE4 /* Debug configuration for PBXNativeTarget "iOS" */ = {
			isa = XCBuildConfiguration;
			buildSettings = {
				ASSETCATALOG_COMPILER_APPICON_NAME = AppIcon;
				ASSETCATALOG_COMPILER_GLOBAL_ACCENT_COLOR_NAME = AccentColor;
				CODE_SIGN_ENTITLEMENTS = "Bundle ID/iOS.entitlements";
				CODE_SIGN_STYLE = Automatic;
				CURRENT_PROJECT_VERSION = 0;
				DEAD_CODE_STRIPPING = YES;
				DEVELOPMENT_ASSET_PATHS = "";
				ENABLE_APP_SANDBOX = YES;
				ENABLE_HARDENED_RUNTIME = YES;
				ENABLE_OUTGOING_NETWORK_CONNECTIONS = YES;
				ENABLE_PREVIEWS = YES;
				ENABLE_USER_SELECTED_FILES = readonly;
				GENERATE_INFOPLIST_FILE = YES;
				INFOPLIST_FILE = "Bundle ID/iOS.plist";
				INFOPLIST_KEY_CFBundleDisplayName = "Bundle ID";
				INFOPLIST_KEY_ITSAppUsesNonExemptEncryption = NO;
				INFOPLIST_KEY_LSApplicationCategoryType = "public.app-category.utilities";
				INFOPLIST_KEY_NSPhotoLibraryAddUsageDescription = "Saving app icons";
				"INFOPLIST_KEY_UIApplicationSceneManifest_Generation[sdk=iphoneos*]" = YES;
				"INFOPLIST_KEY_UIApplicationSceneManifest_Generation[sdk=iphonesimulator*]" = YES;
				"INFOPLIST_KEY_UIApplicationSupportsIndirectInputEvents[sdk=iphoneos*]" = YES;
				"INFOPLIST_KEY_UIApplicationSupportsIndirectInputEvents[sdk=iphonesimulator*]" = YES;
				"INFOPLIST_KEY_UILaunchScreen_Generation[sdk=iphoneos*]" = YES;
				"INFOPLIST_KEY_UILaunchScreen_Generation[sdk=iphonesimulator*]" = YES;
				"INFOPLIST_KEY_UIStatusBarStyle[sdk=iphoneos*]" = UIStatusBarStyleDefault;
				"INFOPLIST_KEY_UIStatusBarStyle[sdk=iphonesimulator*]" = UIStatusBarStyleDefault;
				INFOPLIST_KEY_UISupportedInterfaceOrientations = "UIInterfaceOrientationLandscapeLeft UIInterfaceOrientationLandscapeRight UIInterfaceOrientationPortrait UIInterfaceOrientationPortraitUpsideDown";
				IPHONEOS_DEPLOYMENT_TARGET = 17.0;
				LD_RUNPATH_SEARCH_PATHS = "@executable_path/Frameworks";
				"LD_RUNPATH_SEARCH_PATHS[sdk=macosx*]" = "@executable_path/../Frameworks";
				MACOSX_DEPLOYMENT_TARGET = 14.0;
				PRODUCT_BUNDLE_IDENTIFIER = "dev.topscrech.Bundle-ID";
				PRODUCT_NAME = "$(TARGET_NAME)";
				SDKROOT = auto;
				SUPPORTED_PLATFORMS = "appletvos appletvsimulator iphoneos iphonesimulator xros xrsimulator";
				SUPPORTS_MACCATALYST = NO;
				SWIFT_EMIT_LOC_STRINGS = YES;
				SWIFT_VERSION = 5.0;
				TARGETED_DEVICE_FAMILY = "1,2,3,7";
				TVOS_DEPLOYMENT_TARGET = 17.0;
				XROS_DEPLOYMENT_TARGET = 1.0;
			};
			name = Debug;
		};
		F3E593292BB79EC300CE4FE4 /* Release configuration for PBXNativeTarget "iOS" */ = {
			isa = XCBuildConfiguration;
			buildSettings = {
				ASSETCATALOG_COMPILER_APPICON_NAME = AppIcon;
				ASSETCATALOG_COMPILER_GLOBAL_ACCENT_COLOR_NAME = AccentColor;
				CODE_SIGN_ENTITLEMENTS = "Bundle ID/iOS.entitlements";
				CODE_SIGN_STYLE = Automatic;
				CURRENT_PROJECT_VERSION = 0;
				DEAD_CODE_STRIPPING = YES;
				DEVELOPMENT_ASSET_PATHS = "";
				ENABLE_APP_SANDBOX = YES;
				ENABLE_HARDENED_RUNTIME = YES;
				ENABLE_OUTGOING_NETWORK_CONNECTIONS = YES;
				ENABLE_PREVIEWS = YES;
				ENABLE_USER_SELECTED_FILES = readonly;
				GENERATE_INFOPLIST_FILE = YES;
				INFOPLIST_FILE = "Bundle ID/iOS.plist";
				INFOPLIST_KEY_CFBundleDisplayName = "Bundle ID";
				INFOPLIST_KEY_ITSAppUsesNonExemptEncryption = NO;
				INFOPLIST_KEY_LSApplicationCategoryType = "public.app-category.utilities";
				INFOPLIST_KEY_NSPhotoLibraryAddUsageDescription = "Saving app icons";
				"INFOPLIST_KEY_UIApplicationSceneManifest_Generation[sdk=iphoneos*]" = YES;
				"INFOPLIST_KEY_UIApplicationSceneManifest_Generation[sdk=iphonesimulator*]" = YES;
				"INFOPLIST_KEY_UIApplicationSupportsIndirectInputEvents[sdk=iphoneos*]" = YES;
				"INFOPLIST_KEY_UIApplicationSupportsIndirectInputEvents[sdk=iphonesimulator*]" = YES;
				"INFOPLIST_KEY_UILaunchScreen_Generation[sdk=iphoneos*]" = YES;
				"INFOPLIST_KEY_UILaunchScreen_Generation[sdk=iphonesimulator*]" = YES;
				"INFOPLIST_KEY_UIStatusBarStyle[sdk=iphoneos*]" = UIStatusBarStyleDefault;
				"INFOPLIST_KEY_UIStatusBarStyle[sdk=iphonesimulator*]" = UIStatusBarStyleDefault;
				INFOPLIST_KEY_UISupportedInterfaceOrientations = "UIInterfaceOrientationLandscapeLeft UIInterfaceOrientationLandscapeRight UIInterfaceOrientationPortrait UIInterfaceOrientationPortraitUpsideDown";
				IPHONEOS_DEPLOYMENT_TARGET = 17.0;
				LD_RUNPATH_SEARCH_PATHS = "@executable_path/Frameworks";
				"LD_RUNPATH_SEARCH_PATHS[sdk=macosx*]" = "@executable_path/../Frameworks";
				MACOSX_DEPLOYMENT_TARGET = 14.0;
				PRODUCT_BUNDLE_IDENTIFIER = "dev.topscrech.Bundle-ID";
				PRODUCT_NAME = "$(TARGET_NAME)";
				SDKROOT = auto;
				SUPPORTED_PLATFORMS = "appletvos appletvsimulator iphoneos iphonesimulator xros xrsimulator";
				SUPPORTS_MACCATALYST = NO;
				SWIFT_EMIT_LOC_STRINGS = YES;
				SWIFT_VERSION = 5.0;
				TARGETED_DEVICE_FAMILY = "1,2,3,7";
				TVOS_DEPLOYMENT_TARGET = 17.0;
				XROS_DEPLOYMENT_TARGET = 1.0;
			};
			name = Release;
		};
/* End XCBuildConfiguration section */

/* Begin XCConfigurationList section */
		F371A53B2C2DB09C006BDF0D /* Build configuration list for PBXNativeTarget "macOS" */ = {
			isa = XCConfigurationList;
			buildConfigurations = (
				F371A53C2C2DB09C006BDF0D /* Debug configuration for PBXNativeTarget "macOS" */,
				F371A53D2C2DB09C006BDF0D /* Release configuration for PBXNativeTarget "macOS" */,
			);
			defaultConfigurationName = Release;
		};
		F3E593112BB79EC300CE4FE4 /* Build configuration list for PBXProject "Bundle ID" */ = {
			isa = XCConfigurationList;
			buildConfigurations = (
				F3E593252BB79EC300CE4FE4 /* Debug configuration for PBXProject "Bundle ID" */,
				F3E593262BB79EC300CE4FE4 /* Release configuration for PBXProject "Bundle ID" */,
			);
			defaultConfigurationName = Release;
		};
		F3E593272BB79EC300CE4FE4 /* Build configuration list for PBXNativeTarget "iOS" */ = {
			isa = XCConfigurationList;
			buildConfigurations = (
				F3E593282BB79EC300CE4FE4 /* Debug configuration for PBXNativeTarget "iOS" */,
				F3E593292BB79EC300CE4FE4 /* Release configuration for PBXNativeTarget "iOS" */,
			);
			defaultConfigurationName = Release;
		};
/* End XCConfigurationList section */

/* Begin XCRemoteSwiftPackageReference section */
		F34345CB2DDF062F0033A7DE /* XCRemoteSwiftPackageReference "Kingfisher" */ = {
			isa = XCRemoteSwiftPackageReference;
			repositoryURL = "https://github.com/onevcat/Kingfisher";
			requirement = {
				kind = upToNextMajorVersion;
				minimumVersion = 8.3.2;
			};
		};
		F3B5407A2BC354CE005514FF /* XCRemoteSwiftPackageReference "ScrechKit" */ = {
			isa = XCRemoteSwiftPackageReference;
			repositoryURL = "https://github.com/TopScrech/ScrechKit";
			requirement = {
				branch = main;
				kind = branch;
			};
		};
/* End XCRemoteSwiftPackageReference section */

/* Begin XCSwiftPackageProductDependency section */
		F34345CC2DDF062F0033A7DE /* Kingfisher */ = {
			isa = XCSwiftPackageProductDependency;
			package = F34345CB2DDF062F0033A7DE /* XCRemoteSwiftPackageReference "Kingfisher" */;
			productName = Kingfisher;
		};
		F34345CE2DDF06D40033A7DE /* Kingfisher */ = {
			isa = XCSwiftPackageProductDependency;
			package = F34345CB2DDF062F0033A7DE /* XCRemoteSwiftPackageReference "Kingfisher" */;
			productName = Kingfisher;
		};
		F371A5472C2DB11E006BDF0D /* ScrechKit */ = {
			isa = XCSwiftPackageProductDependency;
			package = F3B5407A2BC354CE005514FF /* XCRemoteSwiftPackageReference "ScrechKit" */;
			productName = ScrechKit;
		};
		F3B5407B2BC354CE005514FF /* ScrechKit */ = {
			isa = XCSwiftPackageProductDependency;
			package = F3B5407A2BC354CE005514FF /* XCRemoteSwiftPackageReference "ScrechKit" */;
			productName = ScrechKit;
		};
/* End XCSwiftPackageProductDependency section */
	};
	rootObject = F3E5930E2BB79EC300CE4FE4 /* Project object */;
}
