// !$*UTF8*$!
{
	archiveVersion = 1;
	classes = {
	};
	objectVersion = 90;
	objects = {

/* Begin PBXBuildFile section */
		F33678102BC5EF5C0083E21C /* Localizable.xcstrings in Resources */ = {isa = PBXBuildFile; fileRef = F336780F2BC5EF5C0083E21C /* Localizable.xcstrings */; };
		F371A53E2C2DB0EE006BDF0D /* Bundle ID.swift in Sources */ = {isa = PBXBuildFile; fileRef = F3E593192BB79EC300CE4FE4 /* Bundle ID.swift */; };
		F371A53F2C2DB0F8006BDF0D /* VM.swift in Sources */ = {isa = PBXBuildFile; fileRef = F3E5932E2BB79FBA00CE4FE4 /* VM.swift */; };
		F371A5422C2DB0F8006BDF0D /* Region.swift in Sources */ = {isa = PBXBuildFile; fileRef = F3E593302BB7A0B400CE4FE4 /* Region.swift */; };
		F371A5432C2DB0F8006BDF0D /* Starred Apps.swift in Sources */ = {isa = PBXBuildFile; fileRef = F3B540802BC35A12005514FF /* Starred Apps.swift */; };
		F371A5442C2DB0F8006BDF0D /* Home View.swift in Sources */ = {isa = PBXBuildFile; fileRef = F3B5407E2BC355AE005514FF /* Home View.swift */; };
		F371A5452C2DB0F8006BDF0D /* Model.swift in Sources */ = {isa = PBXBuildFile; fileRef = F3E593322BB7A46600CE4FE4 /* Model.swift */; };
		F371A5482C2DB11E006BDF0D /* ScrechKit in Frameworks */ = {isa = PBXBuildFile; productRef = F371A5472C2DB11E006BDF0D /* ScrechKit */; };
		F371A54A2C2DB137006BDF0D /* App List.swift in Sources */ = {isa = PBXBuildFile; fileRef = F371A5492C2DB137006BDF0D /* App List.swift */; };
		F371A54D2C2DB146006BDF0D /* App Card.swift in Sources */ = {isa = PBXBuildFile; fileRef = F371A54C2C2DB146006BDF0D /* App Card.swift */; };
		F371A54F2C2DB286006BDF0D /* Assets.xcassets in Resources */ = {isa = PBXBuildFile; fileRef = F3E5931F2BB79EC300CE4FE4 /* Assets.xcassets */; };
		F3B5407C2BC354CE005514FF /* ScrechKit in Frameworks */ = {isa = PBXBuildFile; productRef = F3B5407B2BC354CE005514FF /* ScrechKit */; };
		F3B5407F2BC355AE005514FF /* Home View.swift in Sources */ = {isa = PBXBuildFile; fileRef = F3B5407E2BC355AE005514FF /* Home View.swift */; };
		F3B540812BC35A12005514FF /* Starred Apps.swift in Sources */ = {isa = PBXBuildFile; fileRef = F3B540802BC35A12005514FF /* Starred Apps.swift */; };
		F3E5931A2BB79EC300CE4FE4 /* Bundle ID.swift in Sources */ = {isa = PBXBuildFile; fileRef = F3E593192BB79EC300CE4FE4 /* Bundle ID.swift */; };
		F3E593202BB79EC300CE4FE4 /* Assets.xcassets in Resources */ = {isa = PBXBuildFile; fileRef = F3E5931F2BB79EC300CE4FE4 /* Assets.xcassets */; };
		F3E5932B2BB79F5000CE4FE4 /* Nav Container.swift in Sources */ = {isa = PBXBuildFile; fileRef = F3E5932A2BB79F5000CE4FE4 /* Nav Container.swift */; };
		F3E5932D2BB79F7000CE4FE4 /* App List.swift in Sources */ = {isa = PBXBuildFile; fileRef = F3E5932C2BB79F7000CE4FE4 /* App List.swift */; };
		F3E5932F2BB79FBA00CE4FE4 /* VM.swift in Sources */ = {isa = PBXBuildFile; fileRef = F3E5932E2BB79FBA00CE4FE4 /* VM.swift */; };
		F3E593312BB7A0B400CE4FE4 /* Region.swift in Sources */ = {isa = PBXBuildFile; fileRef = F3E593302BB7A0B400CE4FE4 /* Region.swift */; };
		F3E593332BB7A46600CE4FE4 /* Model.swift in Sources */ = {isa = PBXBuildFile; fileRef = F3E593322BB7A46600CE4FE4 /* Model.swift */; };
		F3E593382BB8045F00CE4FE4 /* App Card.swift in Sources */ = {isa = PBXBuildFile; fileRef = F3E593372BB8045F00CE4FE4 /* App Card.swift */; };
/* End PBXBuildFile section */

/* Begin PBXFileReference section */
		F336780F2BC5EF5C0083E21C /* Localizable.xcstrings */ = {isa = PBXFileReference; lastKnownFileType = text.json.xcstrings; path = Localizable.xcstrings; sourceTree = "<group>"; };
		F371A52F2C2DB09B006BDF0D /* macOS.app */ = {isa = PBXFileReference; explicitFileType = wrapper.application; includeInIndex = 0; path = macOS.app; sourceTree = BUILT_PRODUCTS_DIR; };
		F371A53A2C2DB09C006BDF0D /* macOS.entitlements */ = {isa = PBXFileReference; lastKnownFileType = text.plist.entitlements; path = macOS.entitlements; sourceTree = "<group>"; };
		F371A5492C2DB137006BDF0D /* App List.swift */ = {isa = PBXFileReference; lastKnownFileType = sourcecode.swift; path = "App List.swift"; sourceTree = "<group>"; };
		F371A54C2C2DB146006BDF0D /* App Card.swift */ = {isa = PBXFileReference; lastKnownFileType = sourcecode.swift; path = "App Card.swift"; sourceTree = "<group>"; };
		F371A5502C2DBCAE006BDF0D /* macOS.plist */ = {isa = PBXFileReference; lastKnownFileType = text.plist.xml; path = macOS.plist; sourceTree = "<group>"; };
		F3AC0BE22D8265650077AC61 /* iOS.plist */ = {isa = PBXFileReference; lastKnownFileType = text.plist.xml; path = iOS.plist; sourceTree = "<group>"; };
		F3B5407E2BC355AE005514FF /* Home View.swift */ = {isa = PBXFileReference; lastKnownFileType = sourcecode.swift; path = "Home View.swift"; sourceTree = "<group>"; };
		F3B540802BC35A12005514FF /* Starred Apps.swift */ = {isa = PBXFileReference; lastKnownFileType = sourcecode.swift; path = "Starred Apps.swift"; sourceTree = "<group>"; };
		F3E593162BB79EC300CE4FE4 /* iOS.app */ = {isa = PBXFileReference; explicitFileType = wrapper.application; includeInIndex = 0; path = iOS.app; sourceTree = BUILT_PRODUCTS_DIR; };
		F3E593192BB79EC300CE4FE4 /* Bundle ID.swift */ = {isa = PBXFileReference; lastKnownFileType = sourcecode.swift; path = "Bundle ID.swift"; sourceTree = "<group>"; };
		F3E5931F2BB79EC300CE4FE4 /* Assets.xcassets */ = {isa = PBXFileReference; lastKnownFileType = folder.assetcatalog; path = Assets.xcassets; sourceTree = "<group>"; };
		F3E593212BB79EC300CE4FE4 /* iOS.entitlements */ = {isa = PBXFileReference; lastKnownFileType = text.plist.entitlements; path = iOS.entitlements; sourceTree = "<group>"; };
		F3E5932A2BB79F5000CE4FE4 /* Nav Container.swift */ = {isa = PBXFileReference; lastKnownFileType = sourcecode.swift; path = "Nav Container.swift"; sourceTree = "<group>"; };
		F3E5932C2BB79F7000CE4FE4 /* App List.swift */ = {isa = PBXFileReference; lastKnownFileType = sourcecode.swift; path = "App List.swift"; sourceTree = "<group>"; };
		F3E5932E2BB79FBA00CE4FE4 /* VM.swift */ = {isa = PBXFileReference; lastKnownFileType = sourcecode.swift; path = VM.swift; sourceTree = "<group>"; };
		F3E593302BB7A0B400CE4FE4 /* Region.swift */ = {isa = PBXFileReference; lastKnownFileType = sourcecode.swift; path = Region.swift; sourceTree = "<group>"; };
		F3E593322BB7A46600CE4FE4 /* Model.swift */ = {isa = PBXFileReference; lastKnownFileType = sourcecode.swift; path = Model.swift; sourceTree = "<group>"; };
		F3E593372BB8045F00CE4FE4 /* App Card.swift */ = {isa = PBXFileReference; lastKnownFileType = sourcecode.swift; path = "App Card.swift"; sourceTree = "<group>"; };
/* End PBXFileReference section */

/* Begin PBXFrameworksBuildPhase section */
		F371A52C2C2DB09B006BDF0D /* Frameworks */ = {
			isa = PBXFrameworksBuildPhase;
			files = (
				F371A5482C2DB11E006BDF0D /* ScrechKit in Frameworks */,
			);
		};
		F3E593132BB79EC300CE4FE4 /* Frameworks */ = {
			isa = PBXFrameworksBuildPhase;
			files = (
				F3B5407C2BC354CE005514FF /* ScrechKit in Frameworks */,
			);
		};
/* End PBXFrameworksBuildPhase section */

/* Begin PBXGroup section */
		F371A5302C2DB09B006BDF0D /* Bundle ID Mac */ = {
			isa = PBXGroup;
			children = (
				F371A5502C2DBCAE006BDF0D /* macOS.plist */,
				F371A53A2C2DB09C006BDF0D /* macOS.entitlements */,
				F371A5492C2DB137006BDF0D /* App List.swift */,
				F371A54C2C2DB146006BDF0D /* App Card.swift */,
			);
			path = "Bundle ID Mac";
			sourceTree = "<group>";
		};
		F371A5462C2DB11E006BDF0D /* Frameworks */ = {
			isa = PBXGroup;
			children = (
			);
			name = Frameworks;
			sourceTree = "<group>";
		};
		F3B5407D2BC35540005514FF /* Nav */ = {
			isa = PBXGroup;
			children = (
				F3E5932A2BB79F5000CE4FE4 /* Nav Container.swift */,
			);
			path = Nav;
			sourceTree = "<group>";
		};
		F3E5930D2BB79EC300CE4FE4 = {
			isa = PBXGroup;
			children = (
				F3E593182BB79EC300CE4FE4 /* Bundle ID */,
				F371A5302C2DB09B006BDF0D /* Bundle ID Mac */,
				F3E593172BB79EC300CE4FE4 /* Products */,
				F371A5462C2DB11E006BDF0D /* Frameworks */,
			);
			sourceTree = "<group>";
		};
		F3E593172BB79EC300CE4FE4 /* Products */ = {
			isa = PBXGroup;
			children = (
				F3E593162BB79EC300CE4FE4 /* iOS.app */,
				F371A52F2C2DB09B006BDF0D /* macOS.app */,
			);
			name = Products;
			sourceTree = "<group>";
		};
		F3E593182BB79EC300CE4FE4 /* Bundle ID */ = {
			isa = PBXGroup;
			children = (
				F3E593192BB79EC300CE4FE4 /* Bundle ID.swift */,
				F3B5407D2BC35540005514FF /* Nav */,
				F3AC0BE22D8265650077AC61 /* iOS.plist */,
				F3E593212BB79EC300CE4FE4 /* iOS.entitlements */,
				F3E5931F2BB79EC300CE4FE4 /* Assets.xcassets */,
				F336780F2BC5EF5C0083E21C /* Localizable.xcstrings */,
				F3B5407E2BC355AE005514FF /* Home View.swift */,
				F3B540802BC35A12005514FF /* Starred Apps.swift */,
				F3E5932C2BB79F7000CE4FE4 /* App List.swift */,
				F3E5932E2BB79FBA00CE4FE4 /* VM.swift */,
				F3E593372BB8045F00CE4FE4 /* App Card.swift */,
				F3E593322BB7A46600CE4FE4 /* Model.swift */,
				F3E593302BB7A0B400CE4FE4 /* Region.swift */,
			);
			path = "Bundle ID";
			sourceTree = "<group>";
		};
/* End PBXGroup section */

/* Begin PBXNativeTarget section */
		F371A52E2C2DB09B006BDF0D /* macOS */ = {
			isa = PBXNativeTarget;
			buildConfigurationList = F371A53B2C2DB09C006BDF0D /* Build configuration list for PBXNativeTarget "macOS" */;
			buildPhases = (
				F371A52B2C2DB09B006BDF0D /* Sources */,
				F371A52C2C2DB09B006BDF0D /* Frameworks */,
				F371A52D2C2DB09B006BDF0D /* Resources */,
			);
			buildRules = (
			);
			name = macOS;
			packageProductDependencies = (
				F371A5472C2DB11E006BDF0D /* ScrechKit */,
			);
			productName = "Bundle ID Mac";
			productReference = F371A52F2C2DB09B006BDF0D /* macOS.app */;
			productType = "com.apple.product-type.application";
		};
		F3E593152BB79EC300CE4FE4 /* iOS */ = {
			isa = PBXNativeTarget;
			buildConfigurationList = F3E593272BB79EC300CE4FE4 /* Build configuration list for PBXNativeTarget "iOS" */;
			buildPhases = (
				F3E593122BB79EC300CE4FE4 /* Sources */,
				F3E593132BB79EC300CE4FE4 /* Frameworks */,
				F3E593142BB79EC300CE4FE4 /* Resources */,
			);
			buildRules = (
			);
			name = iOS;
			packageProductDependencies = (
				F3B5407B2BC354CE005514FF /* ScrechKit */,
			);
			productName = "Bundle ID";
			productReference = F3E593162BB79EC300CE4FE4 /* iOS.app */;
			productType = "com.apple.product-type.application";
		};
/* End PBXNativeTarget section */

/* Begin PBXProject section */
		F3E5930E2BB79EC300CE4FE4 /* Project object */ = {
			isa = PBXProject;
			attributes = {
				BuildIndependentTargetsInParallel = 1;
				LastSwiftUpdateCheck = 1600;
				LastUpgradeCheck = 1630;
				TargetAttributes = {
					F371A52E2C2DB09B006BDF0D = {
						CreatedOnToolsVersion = 16.0;
					};
					F3E593152BB79EC300CE4FE4 = {
						CreatedOnToolsVersion = 15.3;
					};
				};
			};
			buildConfigurationList = F3E593112BB79EC300CE4FE4 /* Build configuration list for PBXProject "Bundle ID" */;
			developmentRegion = en;
			hasScannedForEncodings = 0;
			knownRegions = (
				en,
				Base,
				ru,
			);
			mainGroup = F3E5930D2BB79EC300CE4FE4;
			packageReferences = (
				F3B5407A2BC354CE005514FF /* XCRemoteSwiftPackageReference "ScrechKit" */,
			);
			preferredProjectObjectVersion = 90;
			productRefGroup = F3E593172BB79EC300CE4FE4 /* Products */;
			projectDirPath = "";
			projectRoot = "";
			targets = (
				F3E593152BB79EC300CE4FE4 /* iOS */,
				F371A52E2C2DB09B006BDF0D /* macOS */,
			);
		};
/* End PBXProject section */

/* Begin PBXResourcesBuildPhase section */
		F371A52D2C2DB09B006BDF0D /* Resources */ = {
			isa = PBXResourcesBuildPhase;
			files = (
				F371A54F2C2DB286006BDF0D /* Assets.xcassets in Resources */,
			);
		};
		F3E593142BB79EC300CE4FE4 /* Resources */ = {
			isa = PBXResourcesBuildPhase;
			files = (
				F33678102BC5EF5C0083E21C /* Localizable.xcstrings in Resources */,
				F3E593202BB79EC300CE4FE4 /* Assets.xcassets in Resources */,
			);
		};
/* End PBXResourcesBuildPhase section */

/* Begin PBXSourcesBuildPhase section */
		F371A52B2C2DB09B006BDF0D /* Sources */ = {
			isa = PBXSourcesBuildPhase;
			files = (
				F371A53E2C2DB0EE006BDF0D /* Bundle ID.swift in Sources */,
				F371A53F2C2DB0F8006BDF0D /* VM.swift in Sources */,
				F371A54A2C2DB137006BDF0D /* App List.swift in Sources */,
				F371A5422C2DB0F8006BDF0D /* Region.swift in Sources */,
				F371A5432C2DB0F8006BDF0D /* Starred Apps.swift in Sources */,
				F371A54D2C2DB146006BDF0D /* App Card.swift in Sources */,
				F371A5442C2DB0F8006BDF0D /* Home View.swift in Sources */,
				F371A5452C2DB0F8006BDF0D /* Model.swift in Sources */,
			);
		};
		F3E593122BB79EC300CE4FE4 /* Sources */ = {
			isa = PBXSourcesBuildPhase;
			files = (
				F3E593382BB8045F00CE4FE4 /* App Card.swift in Sources */,
				F3E5932F2BB79FBA00CE4FE4 /* VM.swift in Sources */,
				F3E5932B2BB79F5000CE4FE4 /* Nav Container.swift in Sources */,
				F3E593312BB7A0B400CE4FE4 /* Region.swift in Sources */,
				F3E5931A2BB79EC300CE4FE4 /* Bundle ID.swift in Sources */,
				F3B5407F2BC355AE005514FF /* Home View.swift in Sources */,
				F3E5932D2BB79F7000CE4FE4 /* App List.swift in Sources */,
				F3B540812BC35A12005514FF /* Starred Apps.swift in Sources */,
				F3E593332BB7A46600CE4FE4 /* Model.swift in Sources */,
			);
		};
/* End PBXSourcesBuildPhase section */

/* Begin XCBuildConfiguration section */
		F371A53C2C2DB09C006BDF0D /* Debug configuration for PBXNativeTarget "macOS" */ = {
			isa = XCBuildConfiguration;
			buildSettings = {
				ASSETCATALOG_COMPILER_APPICON_NAME = AppIcon;
				ASSETCATALOG_COMPILER_GLOBAL_ACCENT_COLOR_NAME = AccentColor;
				CODE_SIGN_ENTITLEMENTS = "Bundle ID Mac/macOS.entitlements";
				CODE_SIGN_STYLE = Automatic;
				COMBINE_HIDPI_IMAGES = YES;
				CURRENT_PROJECT_VERSION = 0;
				DEVELOPMENT_ASSET_PATHS = "";
				ENABLE_HARDENED_RUNTIME = YES;
				ENABLE_PREVIEWS = YES;
				GENERATE_INFOPLIST_FILE = YES;
				INFOPLIST_FILE = "Bundle ID Mac/macOS.plist";
				INFOPLIST_KEY_CFBundleDisplayName = "Bundle ID";
				INFOPLIST_KEY_LSApplicationCategoryType = "public.app-category.utilities";
				INFOPLIST_KEY_NSHumanReadableCopyright = "";
				LD_RUNPATH_SEARCH_PATHS = (
					"$(inherited)",
					"@executable_path/../Frameworks",
				);
				MACOSX_DEPLOYMENT_TARGET = 14.0;
				PRODUCT_BUNDLE_IDENTIFIER = "dev.topscrech.Bundle-ID";
				PRODUCT_NAME = "$(TARGET_NAME)";
				SDKROOT = macosx;
				SWIFT_EMIT_LOC_STRINGS = YES;
				SWIFT_VERSION = 5.0;
			};
			name = Debug;
		};
		F371A53D2C2DB09C006BDF0D /* Release configuration for PBXNativeTarget "macOS" */ = {
			isa = XCBuildConfiguration;
			buildSettings = {
				ASSETCATALOG_COMPILER_APPICON_NAME = AppIcon;
				ASSETCATALOG_COMPILER_GLOBAL_ACCENT_COLOR_NAME = AccentColor;
				CODE_SIGN_ENTITLEMENTS = "Bundle ID Mac/macOS.entitlements";
				CODE_SIGN_STYLE = Automatic;
				COMBINE_HIDPI_IMAGES = YES;
				CURRENT_PROJECT_VERSION = 0;
				DEVELOPMENT_ASSET_PATHS = "";
				ENABLE_HARDENED_RUNTIME = YES;
				ENABLE_PREVIEWS = YES;
				GENERATE_INFOPLIST_FILE = YES;
				INFOPLIST_FILE = "Bundle ID Mac/macOS.plist";
				INFOPLIST_KEY_CFBundleDisplayName = "Bundle ID";
				INFOPLIST_KEY_LSApplicationCategoryType = "public.app-category.utilities";
				INFOPLIST_KEY_NSHumanReadableCopyright = "";
				LD_RUNPATH_SEARCH_PATHS = (
					"$(inherited)",
					"@executable_path/../Frameworks",
				);
				MACOSX_DEPLOYMENT_TARGET = 14.0;
				PRODUCT_BUNDLE_IDENTIFIER = "dev.topscrech.Bundle-ID";
				PRODUCT_NAME = "$(TARGET_NAME)";
				SDKROOT = macosx;
				SWIFT_EMIT_LOC_STRINGS = YES;
				SWIFT_VERSION = 5.0;
			};
			name = Release;
		};
		F3E593252BB79EC300CE4FE4 /* Debug configuration for PBXProject "Bundle ID" */ = {
			isa = XCBuildConfiguration;
			buildSettings = {
				ALWAYS_SEARCH_USER_PATHS = NO;
				ASSETCATALOG_COMPILER_GENERATE_SWIFT_ASSET_SYMBOL_EXTENSIONS = YES;
				CLANG_ANALYZER_LOCALIZABILITY_NONLOCALIZED = YES;
				CLANG_ANALYZER_NONNULL = YES;
				CLANG_ANALYZER_NUMBER_OBJECT_CONVERSION = YES_AGGRESSIVE;
				CLANG_CXX_LANGUAGE_STANDARD = "gnu++20";
				CLANG_ENABLE_MODULES = YES;
				CLANG_ENABLE_OBJC_ARC = YES;
				CLANG_ENABLE_OBJC_WEAK = YES;
				CLANG_WARN_BLOCK_CAPTURE_AUTORELEASING = YES;
				CLANG_WARN_BOOL_CONVERSION = YES;
				CLANG_WARN_COMMA = YES;
				CLANG_WARN_CONSTANT_CONVERSION = YES;
				CLANG_WARN_DEPRECATED_OBJC_IMPLEMENTATIONS = YES;
				CLANG_WARN_DIRECT_OBJC_ISA_USAGE = YES_ERROR;
				CLANG_WARN_DOCUMENTATION_COMMENTS = YES;
				CLANG_WARN_EMPTY_BODY = YES;
				CLANG_WARN_ENUM_CONVERSION = YES;
				CLANG_WARN_INFINITE_RECURSION = YES;
				CLANG_WARN_INT_CONVERSION = YES;
				CLANG_WARN_NON_LITERAL_NULL_CONVERSION = YES;
				CLANG_WARN_OBJC_IMPLICIT_RETAIN_SELF = YES;
				CLANG_WARN_OBJC_LITERAL_CONVERSION = YES;
				CLANG_WARN_OBJC_ROOT_CLASS = YES_ERROR;
				CLANG_WARN_QUOTED_INCLUDE_IN_FRAMEWORK_HEADER = YES;
				CLANG_WARN_RANGE_LOOP_ANALYSIS = YES;
				CLANG_WARN_STRICT_PROTOTYPES = YES;
				CLANG_WARN_SUSPICIOUS_MOVE = YES;
				CLANG_WARN_UNGUARDED_AVAILABILITY = YES_AGGRESSIVE;
				CLANG_WARN_UNREACHABLE_CODE = YES;
				CLANG_WARN__DUPLICATE_METHOD_MATCH = YES;
				COPY_PHASE_STRIP = NO;
				DEAD_CODE_STRIPPING = YES;
				DEBUG_INFORMATION_FORMAT = dwarf;
				DEVELOPMENT_TEAM = 8FQUA2F388;
				ENABLE_STRICT_OBJC_MSGSEND = YES;
				ENABLE_TESTABILITY = YES;
				ENABLE_USER_SCRIPT_SANDBOXING = YES;
				GCC_C_LANGUAGE_STANDARD = gnu17;
				GCC_DYNAMIC_NO_PIC = NO;
				GCC_NO_COMMON_BLOCKS = YES;
				GCC_OPTIMIZATION_LEVEL = 0;
				GCC_PREPROCESSOR_DEFINITIONS = (
					"DEBUG=1",
					"$(inherited)",
				);
				GCC_WARN_64_TO_32_BIT_CONVERSION = YES;
				GCC_WARN_ABOUT_RETURN_TYPE = YES_ERROR;
				GCC_WARN_UNDECLARED_SELECTOR = YES;
				GCC_WARN_UNINITIALIZED_AUTOS = YES_AGGRESSIVE;
				GCC_WARN_UNUSED_FUNCTION = YES;
				GCC_WARN_UNUSED_VARIABLE = YES;
				IPHONEOS_DEPLOYMENT_TARGET = 17.0;
				LOCALIZATION_PREFERS_STRING_CATALOGS = YES;
				MACOSX_DEPLOYMENT_TARGET = 14.0;
				MARKETING_VERSION = 1.0.1;
				MTL_ENABLE_DEBUG_INFO = INCLUDE_SOURCE;
				MTL_FAST_MATH = YES;
				ONLY_ACTIVE_ARCH = YES;
				SWIFT_ACTIVE_COMPILATION_CONDITIONS = "DEBUG $(inherited)";
				SWIFT_OPTIMIZATION_LEVEL = "-Onone";
			};
			name = Debug;
		};
		F3E593262BB79EC300CE4FE4 /* Release configuration for PBXProject "Bundle ID" */ = {
			isa = XCBuildConfiguration;
			buildSettings = {
				ALWAYS_SEARCH_USER_PATHS = NO;
				ASSETCATALOG_COMPILER_GENERATE_SWIFT_ASSET_SYMBOL_EXTENSIONS = YES;
				CLANG_ANALYZER_LOCALIZABILITY_NONLOCALIZED = YES;
				CLANG_ANALYZER_NONNULL = YES;
				CLANG_ANALYZER_NUMBER_OBJECT_CONVERSION = YES_AGGRESSIVE;
				CLANG_CXX_LANGUAGE_STANDARD = "gnu++20";
				CLANG_ENABLE_MODULES = YES;
				CLANG_ENABLE_OBJC_ARC = YES;
				CLANG_ENABLE_OBJC_WEAK = YES;
				CLANG_WARN_BLOCK_CAPTURE_AUTORELEASING = YES;
				CLANG_WARN_BOOL_CONVERSION = YES;
				CLANG_WARN_COMMA = YES;
				CLANG_WARN_CONSTANT_CONVERSION = YES;
				CLANG_WARN_DEPRECATED_OBJC_IMPLEMENTATIONS = YES;
				CLANG_WARN_DIRECT_OBJC_ISA_USAGE = YES_ERROR;
				CLANG_WARN_DOCUMENTATION_COMMENTS = YES;
				CLANG_WARN_EMPTY_BODY = YES;
				CLANG_WARN_ENUM_CONVERSION = YES;
				CLANG_WARN_INFINITE_RECURSION = YES;
				CLANG_WARN_INT_CONVERSION = YES;
				CLANG_WARN_NON_LITERAL_NULL_CONVERSION = YES;
				CLANG_WARN_OBJC_IMPLICIT_RETAIN_SELF = YES;
				CLANG_WARN_OBJC_LITERAL_CONVERSION = YES;
				CLANG_WARN_OBJC_ROOT_CLASS = YES_ERROR;
				CLANG_WARN_QUOTED_INCLUDE_IN_FRAMEWORK_HEADER = YES;
				CLANG_WARN_RANGE_LOOP_ANALYSIS = YES;
				CLANG_WARN_STRICT_PROTOTYPES = YES;
				CLANG_WARN_SUSPICIOUS_MOVE = YES;
				CLANG_WARN_UNGUARDED_AVAILABILITY = YES_AGGRESSIVE;
				CLANG_WARN_UNREACHABLE_CODE = YES;
				CLANG_WARN__DUPLICATE_METHOD_MATCH = YES;
				COPY_PHASE_STRIP = NO;
				DEAD_CODE_STRIPPING = YES;
				DEBUG_INFORMATION_FORMAT = "dwarf-with-dsym";
				DEVELOPMENT_TEAM = 8FQUA2F388;
				ENABLE_NS_ASSERTIONS = NO;
				ENABLE_STRICT_OBJC_MSGSEND = YES;
				ENABLE_USER_SCRIPT_SANDBOXING = YES;
				GCC_C_LANGUAGE_STANDARD = gnu17;
				GCC_NO_COMMON_BLOCKS = YES;
				GCC_WARN_64_TO_32_BIT_CONVERSION = YES;
				GCC_WARN_ABOUT_RETURN_TYPE = YES_ERROR;
				GCC_WARN_UNDECLARED_SELECTOR = YES;
				GCC_WARN_UNINITIALIZED_AUTOS = YES_AGGRESSIVE;
				GCC_WARN_UNUSED_FUNCTION = YES;
				GCC_WARN_UNUSED_VARIABLE = YES;
				IPHONEOS_DEPLOYMENT_TARGET = 17.0;
				LOCALIZATION_PREFERS_STRING_CATALOGS = YES;
				MACOSX_DEPLOYMENT_TARGET = 14.0;
				MARKETING_VERSION = 1.0.1;
				MTL_ENABLE_DEBUG_INFO = NO;
				MTL_FAST_MATH = YES;
				SWIFT_COMPILATION_MODE = wholemodule;
			};
			name = Release;
		};
		F3E593282BB79EC300CE4FE4 /* Debug configuration for PBXNativeTarget "iOS" */ = {
			isa = XCBuildConfiguration;
			buildSettings = {
				ASSETCATALOG_COMPILER_APPICON_NAME = AppIcon;
				ASSETCATALOG_COMPILER_GLOBAL_ACCENT_COLOR_NAME = AccentColor;
				CODE_SIGN_ENTITLEMENTS = "Bundle ID/iOS.entitlements";
				CODE_SIGN_STYLE = Automatic;
				CURRENT_PROJECT_VERSION = 0;
				DEAD_CODE_STRIPPING = YES;
				DEVELOPMENT_ASSET_PATHS = "";
				ENABLE_HARDENED_RUNTIME = YES;
				ENABLE_PREVIEWS = YES;
				GENERATE_INFOPLIST_FILE = YES;
				INFOPLIST_FILE = "Bundle ID/iOS.plist";
				INFOPLIST_KEY_CFBundleDisplayName = "Bundle ID";
				INFOPLIST_KEY_LSApplicationCategoryType = "public.app-category.utilities";
				"INFOPLIST_KEY_UIApplicationSceneManifest_Generation[sdk=iphoneos*]" = YES;
				"INFOPLIST_KEY_UIApplicationSceneManifest_Generation[sdk=iphonesimulator*]" = YES;
				"INFOPLIST_KEY_UIApplicationSupportsIndirectInputEvents[sdk=iphoneos*]" = YES;
				"INFOPLIST_KEY_UIApplicationSupportsIndirectInputEvents[sdk=iphonesimulator*]" = YES;
				"INFOPLIST_KEY_UILaunchScreen_Generation[sdk=iphoneos*]" = YES;
				"INFOPLIST_KEY_UILaunchScreen_Generation[sdk=iphonesimulator*]" = YES;
				"INFOPLIST_KEY_UIStatusBarStyle[sdk=iphoneos*]" = UIStatusBarStyleDefault;
				"INFOPLIST_KEY_UIStatusBarStyle[sdk=iphonesimulator*]" = UIStatusBarStyleDefault;
				INFOPLIST_KEY_UISupportedInterfaceOrientations = "UIInterfaceOrientationLandscapeLeft UIInterfaceOrientationLandscapeRight UIInterfaceOrientationPortrait UIInterfaceOrientationPortraitUpsideDown";
				IPHONEOS_DEPLOYMENT_TARGET = 17.0;
				LD_RUNPATH_SEARCH_PATHS = "@executable_path/Frameworks";
				"LD_RUNPATH_SEARCH_PATHS[sdk=macosx*]" = "@executable_path/../Frameworks";
				MACOSX_DEPLOYMENT_TARGET = 14.0;
				PRODUCT_BUNDLE_IDENTIFIER = "dev.topscrech.Bundle-ID";
				PRODUCT_NAME = "$(TARGET_NAME)";
				SDKROOT = auto;
				SUPPORTED_PLATFORMS = "appletvos appletvsimulator iphoneos iphonesimulator xros xrsimulator";
				SUPPORTS_MACCATALYST = NO;
				SWIFT_EMIT_LOC_STRINGS = YES;
				SWIFT_VERSION = 5.0;
				TARGETED_DEVICE_FAMILY = "1,2,3,7";
				TVOS_DEPLOYMENT_TARGET = 17.0;
				XROS_DEPLOYMENT_TARGET = 1.0;
			};
			name = Debug;
		};
		F3E593292BB79EC300CE4FE4 /* Release configuration for PBXNativeTarget "iOS" */ = {
			isa = XCBuildConfiguration;
			buildSettings = {
				ASSETCATALOG_COMPILER_APPICON_NAME = AppIcon;
				ASSETCATALOG_COMPILER_GLOBAL_ACCENT_COLOR_NAME = AccentColor;
				CODE_SIGN_ENTITLEMENTS = "Bundle ID/iOS.entitlements";
				CODE_SIGN_STYLE = Automatic;
				CURRENT_PROJECT_VERSION = 0;
				DEAD_CODE_STRIPPING = YES;
				DEVELOPMENT_ASSET_PATHS = "";
				ENABLE_HARDENED_RUNTIME = YES;
				ENABLE_PREVIEWS = YES;
				GENERATE_INFOPLIST_FILE = YES;
				INFOPLIST_FILE = "Bundle ID/iOS.plist";
				INFOPLIST_KEY_CFBundleDisplayName = "Bundle ID";
				INFOPLIST_KEY_LSApplicationCategoryType = "public.app-category.utilities";
				"INFOPLIST_KEY_UIApplicationSceneManifest_Generation[sdk=iphoneos*]" = YES;
				"INFOPLIST_KEY_UIApplicationSceneManifest_Generation[sdk=iphonesimulator*]" = YES;
				"INFOPLIST_KEY_UIApplicationSupportsIndirectInputEvents[sdk=iphoneos*]" = YES;
				"INFOPLIST_KEY_UIApplicationSupportsIndirectInputEvents[sdk=iphonesimulator*]" = YES;
				"INFOPLIST_KEY_UILaunchScreen_Generation[sdk=iphoneos*]" = YES;
				"INFOPLIST_KEY_UILaunchScreen_Generation[sdk=iphonesimulator*]" = YES;
				"INFOPLIST_KEY_UIStatusBarStyle[sdk=iphoneos*]" = UIStatusBarStyleDefault;
				"INFOPLIST_KEY_UIStatusBarStyle[sdk=iphonesimulator*]" = UIStatusBarStyleDefault;
				INFOPLIST_KEY_UISupportedInterfaceOrientations = "UIInterfaceOrientationLandscapeLeft UIInterfaceOrientationLandscapeRight UIInterfaceOrientationPortrait UIInterfaceOrientationPortraitUpsideDown";
				IPHONEOS_DEPLOYMENT_TARGET = 17.0;
				LD_RUNPATH_SEARCH_PATHS = "@executable_path/Frameworks";
				"LD_RUNPATH_SEARCH_PATHS[sdk=macosx*]" = "@executable_path/../Frameworks";
				MACOSX_DEPLOYMENT_TARGET = 14.0;
				PRODUCT_BUNDLE_IDENTIFIER = "dev.topscrech.Bundle-ID";
				PRODUCT_NAME = "$(TARGET_NAME)";
				SDKROOT = auto;
				SUPPORTED_PLATFORMS = "appletvos appletvsimulator iphoneos iphonesimulator xros xrsimulator";
				SUPPORTS_MACCATALYST = NO;
				SWIFT_EMIT_LOC_STRINGS = YES;
				SWIFT_VERSION = 5.0;
				TARGETED_DEVICE_FAMILY = "1,2,3,7";
				TVOS_DEPLOYMENT_TARGET = 17.0;
				XROS_DEPLOYMENT_TARGET = 1.0;
			};
			name = Release;
		};
/* End XCBuildConfiguration section */

/* Begin XCConfigurationList section */
		F371A53B2C2DB09C006BDF0D /* Build configuration list for PBXNativeTarget "macOS" */ = {
			isa = XCConfigurationList;
			buildConfigurations = (
				F371A53C2C2DB09C006BDF0D /* Debug configuration for PBXNativeTarget "macOS" */,
				F371A53D2C2DB09C006BDF0D /* Release configuration for PBXNativeTarget "macOS" */,
			);
			defaultConfigurationName = Release;
		};
		F3E593112BB79EC300CE4FE4 /* Build configuration list for PBXProject "Bundle ID" */ = {
			isa = XCConfigurationList;
			buildConfigurations = (
				F3E593252BB79EC300CE4FE4 /* Debug configuration for PBXProject "Bundle ID" */,
				F3E593262BB79EC300CE4FE4 /* Release configuration for PBXProject "Bundle ID" */,
			);
			defaultConfigurationName = Release;
		};
		F3E593272BB79EC300CE4FE4 /* Build configuration list for PBXNativeTarget "iOS" */ = {
			isa = XCConfigurationList;
			buildConfigurations = (
				F3E593282BB79EC300CE4FE4 /* Debug configuration for PBXNativeTarget "iOS" */,
				F3E593292BB79EC300CE4FE4 /* Release configuration for PBXNativeTarget "iOS" */,
			);
			defaultConfigurationName = Release;
		};
/* End XCConfigurationList section */

/* Begin XCRemoteSwiftPackageReference section */
		F3B5407A2BC354CE005514FF /* XCRemoteSwiftPackageReference "ScrechKit" */ = {
			isa = XCRemoteSwiftPackageReference;
			repositoryURL = "https://github.com/TopScrech/ScrechKit";
			requirement = {
				branch = main;
				kind = branch;
			};
		};
/* End XCRemoteSwiftPackageReference section */

/* Begin XCSwiftPackageProductDependency section */
		F371A5472C2DB11E006BDF0D /* ScrechKit */ = {
			isa = XCSwiftPackageProductDependency;
			package = F3B5407A2BC354CE005514FF /* XCRemoteSwiftPackageReference "ScrechKit" */;
			productName = ScrechKit;
		};
		F3B5407B2BC354CE005514FF /* ScrechKit */ = {
			isa = XCSwiftPackageProductDependency;
			package = F3B5407A2BC354CE005514FF /* XCRemoteSwiftPackageReference "ScrechKit" */;
			productName = ScrechKit;
		};
/* End XCSwiftPackageProductDependency section */
	};
	rootObject = F3E5930E2BB79EC300CE4FE4 /* Project object */;
}
